
Microsoft Visual Studio Solution File, Format Version 12.00
# Visual Studio Version 17
VisualStudioVersion = 17.10.34928.147
MinimumVisualStudioVersion = 10.0.40219.1
Project("{FAE04EC0-301F-11D3-BF4B-00C04F79EFBC}") = "QALabs.Automation.Tests", "QALabs.Automation.Tests.csproj", "{AFD74674-4C29-4A15-B860-E6E19F5DA2D8}"
EndProject
Project("{FAE04EC0-301F-11D3-BF4B-00C04F79EFBC}") = "QALabs.Automation.Core", "..\QALabs.Automation.Core\QALabs.Automation.Core.csproj", "{F86EFCD3-F88B-421A-AA71-A6B67B146E8B}"
EndProject
Global
	GlobalSection(SolutionConfigurationPlatforms) = preSolution
		Debug|Any CPU = Debug|Any CPU
		Release|Any CPU = Release|Any CPU
	EndGlobalSection
	GlobalSection(ProjectConfigurationPlatforms) = postSolution
		{AFD74674-4C29-4A15-B860-E6E19F5DA2D8}.Debug|Any CPU.ActiveCfg = Debug|Any CPU
		{AFD74674-4C29-4A15-B860-E6E19F5DA2D8}.Debug|Any CPU.Build.0 = Debug|Any CPU
		{AFD74674-4C29-4A15-B860-E6E19F5DA2D8}.Release|Any CPU.ActiveCfg = Release|Any CPU
		{AFD74674-4C29-4A15-B860-E6E19F5DA2D8}.Release|Any CPU.Build.0 = Release|Any CPU
		{F86EFCD3-F88B-421A-AA71-A6B67B146E8B}.Debug|Any CPU.ActiveCfg = Debug|Any CPU
		{F86EFCD3-F88B-421A-AA71-A6B67B146E8B}.Debug|Any CPU.Build.0 = Debug|Any CPU
		{F86EFCD3-F88B-421A-AA71-A6B67B146E8B}.Release|Any CPU.ActiveCfg = Release|Any CPU
		{F86EFCD3-F88B-421A-AA71-A6B67B146E8B}.Release|Any CPU.Build.0 = Release|Any CPU
	EndGlobalSection
	GlobalSection(SolutionProperties) = preSolution
		HideSolutionNode = FALSE
	EndGlobalSection
	GlobalSection(ExtensibilityGlobals) = postSolution
		SolutionGuid = {BE591C4E-B4E8-40A6-ABDB-EA6BB24341A1}
	EndGlobalSection
EndGlobal
